// !$*UTF8*$!
{
	archiveVersion = 1;
	classes = {
	};
	objectVersion = 50;
	objects = {

/* Begin PBXBuildFile section */
		4AE3C15D22D35D7500282F29 /* AppDelegate.swift in Sources */ = {isa = PBXBuildFile; fileRef = 4AE3C15C22D35D7500282F29 /* AppDelegate.swift */; };
		4AE3C15F22D35D7500282F29 /* ViewController.swift in Sources */ = {isa = PBXBuildFile; fileRef = 4AE3C15E22D35D7500282F29 /* ViewController.swift */; };
		4AE3C16222D35D7500282F29 /* Main.storyboard in Resources */ = {isa = PBXBuildFile; fileRef = 4AE3C16022D35D7500282F29 /* Main.storyboard */; };
		4AE3C16422D35D7600282F29 /* Assets.xcassets in Resources */ = {isa = PBXBuildFile; fileRef = 4AE3C16322D35D7600282F29 /* Assets.xcassets */; };
		4AE3C16722D35D7600282F29 /* LaunchScreen.storyboard in Resources */ = {isa = PBXBuildFile; fileRef = 4AE3C16522D35D7600282F29 /* LaunchScreen.storyboard */; };
		AC0CCD199E2BB3C3ABF2AB85 /* Pods_NewsLink.framework in Frameworks */ = {isa = PBXBuildFile; fileRef = A9A6011389ADB5125626FBD8 /* Pods_NewsLink.framework */; };
/* End PBXBuildFile section */

/* Begin PBXFileReference section */
		477BDAFE7F1D7B21081CD33B /* Pods-NewsLink.debug.xcconfig */ = {isa = PBXFileReference; includeInIndex = 1; lastKnownFileType = text.xcconfig; name = "Pods-NewsLink.debug.xcconfig"; path = "Target Support Files/Pods-NewsLink/Pods-NewsLink.debug.xcconfig"; sourceTree = "<group>"; };
		4AE3C15922D35D7500282F29 /* NewsLink.app */ = {isa = PBXFileReference; explicitFileType = wrapper.application; includeInIndex = 0; path = NewsLink.app; sourceTree = BUILT_PRODUCTS_DIR; };
		4AE3C15C22D35D7500282F29 /* AppDelegate.swift */ = {isa = PBXFileReference; lastKnownFileType = sourcecode.swift; path = AppDelegate.swift; sourceTree = "<group>"; };
		4AE3C15E22D35D7500282F29 /* ViewController.swift */ = {isa = PBXFileReference; lastKnownFileType = sourcecode.swift; path = ViewController.swift; sourceTree = "<group>"; };
		4AE3C16122D35D7500282F29 /* Base */ = {isa = PBXFileReference; lastKnownFileType = file.storyboard; name = Base; path = Base.lproj/Main.storyboard; sourceTree = "<group>"; };
		4AE3C16322D35D7600282F29 /* Assets.xcassets */ = {isa = PBXFileReference; lastKnownFileType = folder.assetcatalog; path = Assets.xcassets; sourceTree = "<group>"; };
		4AE3C16622D35D7600282F29 /* Base */ = {isa = PBXFileReference; lastKnownFileType = file.storyboard; name = Base; path = Base.lproj/LaunchScreen.storyboard; sourceTree = "<group>"; };
		4AE3C16822D35D7600282F29 /* Info.plist */ = {isa = PBXFileReference; lastKnownFileType = text.plist.xml; path = Info.plist; sourceTree = "<group>"; };
		6C34F3BC873823C5915EA04F /* Pods-NewsLink.release.xcconfig */ = {isa = PBXFileReference; includeInIndex = 1; lastKnownFileType = text.xcconfig; name = "Pods-NewsLink.release.xcconfig"; path = "Target Support Files/Pods-NewsLink/Pods-NewsLink.release.xcconfig"; sourceTree = "<group>"; };
		A9A6011389ADB5125626FBD8 /* Pods_NewsLink.framework */ = {isa = PBXFileReference; explicitFileType = wrapper.framework; includeInIndex = 0; path = Pods_NewsLink.framework; sourceTree = BUILT_PRODUCTS_DIR; };
/* End PBXFileReference section */

/* Begin PBXFrameworksBuildPhase section */
		4AE3C15622D35D7500282F29 /* Frameworks */ = {
			isa = PBXFrameworksBuildPhase;
			buildActionMask = 2147483647;
			files = (
				AC0CCD199E2BB3C3ABF2AB85 /* Pods_NewsLink.framework in Frameworks */,
			);
			runOnlyForDeploymentPostprocessing = 0;
		};
/* End PBXFrameworksBuildPhase section */

/* Begin PBXGroup section */
		16A1F617310C9ADCF1330EC2 /* Frameworks */ = {
			isa = PBXGroup;
			children = (
				A9A6011389ADB5125626FBD8 /* Pods_NewsLink.framework */,
			);
			name = Frameworks;
			sourceTree = "<group>";
		};
		4AE3C15022D35D7500282F29 = {
			isa = PBXGroup;
			children = (
				4AE3C15B22D35D7500282F29 /* NewsLink */,
				4AE3C15A22D35D7500282F29 /* Products */,
				96D383D81BF5247065DF6F02 /* Pods */,
				16A1F617310C9ADCF1330EC2 /* Frameworks */,
			);
			sourceTree = "<group>";
		};
		4AE3C15A22D35D7500282F29 /* Products */ = {
			isa = PBXGroup;
			children = (
				4AE3C15922D35D7500282F29 /* NewsLink.app */,
			);
			name = Products;
			sourceTree = "<group>";
		};
		4AE3C15B22D35D7500282F29 /* NewsLink */ = {
			isa = PBXGroup;
			children = (
				4AE3C15C22D35D7500282F29 /* AppDelegate.swift */,
				4AE3C15E22D35D7500282F29 /* ViewController.swift */,
				4AE3C16022D35D7500282F29 /* Main.storyboard */,
				4AE3C16322D35D7600282F29 /* Assets.xcassets */,
				4AE3C16522D35D7600282F29 /* LaunchScreen.storyboard */,
				4AE3C16822D35D7600282F29 /* Info.plist */,
			);
			path = NewsLink;
			sourceTree = "<group>";
		};
		96D383D81BF5247065DF6F02 /* Pods */ = {
			isa = PBXGroup;
			children = (
				477BDAFE7F1D7B21081CD33B /* Pods-NewsLink.debug.xcconfig */,
				6C34F3BC873823C5915EA04F /* Pods-NewsLink.release.xcconfig */,
			);
			name = Pods;
			path = Pods;
			sourceTree = "<group>";
		};
/* End PBXGroup section */

/* Begin PBXNativeTarget section */
		4AE3C15822D35D7500282F29 /* NewsLink */ = {
			isa = PBXNativeTarget;
			buildConfigurationList = 4AE3C16B22D35D7600282F29 /* Build configuration list for PBXNativeTarget "NewsLink" */;
			buildPhases = (
				0BF1F05E3C1C994EDE28ED0D /* [CP] Check Pods Manifest.lock */,
				4AE3C15522D35D7500282F29 /* Sources */,
				4AE3C15622D35D7500282F29 /* Frameworks */,
				4AE3C15722D35D7500282F29 /* Resources */,
				996BFACB277D34C2EA40F2D2 /* [CP] Embed Pods Frameworks */,
			);
			buildRules = (
			);
			dependencies = (
			);
			name = NewsLink;
			productName = NewsLink;
			productReference = 4AE3C15922D35D7500282F29 /* NewsLink.app */;
			productType = "com.apple.product-type.application";
		};
/* End PBXNativeTarget section */

/* Begin PBXProject section */
		4AE3C15122D35D7500282F29 /* Project object */ = {
			isa = PBXProject;
			attributes = {
				LastSwiftUpdateCheck = 1020;
				LastUpgradeCheck = 1020;
				ORGANIZATIONNAME = Tintash;
				TargetAttributes = {
					4AE3C15822D35D7500282F29 = {
						CreatedOnToolsVersion = 10.2;
					};
				};
			};
			buildConfigurationList = 4AE3C15422D35D7500282F29 /* Build configuration list for PBXProject "NewsLink" */;
			compatibilityVersion = "Xcode 9.3";
			developmentRegion = en;
			hasScannedForEncodings = 0;
			knownRegions = (
				en,
				Base,
			);
			mainGroup = 4AE3C15022D35D7500282F29;
			productRefGroup = 4AE3C15A22D35D7500282F29 /* Products */;
			projectDirPath = "";
			projectRoot = "";
			targets = (
				4AE3C15822D35D7500282F29 /* NewsLink */,
			);
		};
/* End PBXProject section */

/* Begin PBXResourcesBuildPhase section */
		4AE3C15722D35D7500282F29 /* Resources */ = {
			isa = PBXResourcesBuildPhase;
			buildActionMask = 2147483647;
			files = (
				4AE3C16722D35D7600282F29 /* LaunchScreen.storyboard in Resources */,
				4AE3C16422D35D7600282F29 /* Assets.xcassets in Resources */,
				4AE3C16222D35D7500282F29 /* Main.storyboard in Resources */,
			);
			runOnlyForDeploymentPostprocessing = 0;
		};
/* End PBXResourcesBuildPhase section */

/* Begin PBXShellScriptBuildPhase section */
		0BF1F05E3C1C994EDE28ED0D /* [CP] Check Pods Manifest.lock */ = {
			isa = PBXShellScriptBuildPhase;
			buildActionMask = 2147483647;
			files = (
			);
			inputFileListPaths = (
			);
			inputPaths = (
				"${PODS_PODFILE_DIR_PATH}/Podfile.lock",
				"${PODS_ROOT}/Manifest.lock",
			);
			name = "[CP] Check Pods Manifest.lock";
			outputFileListPaths = (
			);
			outputPaths = (
				"$(DERIVED_FILE_DIR)/Pods-NewsLink-checkManifestLockResult.txt",
			);
			runOnlyForDeploymentPostprocessing = 0;
			shellPath = /bin/sh;
			shellScript = "diff \"${PODS_PODFILE_DIR_PATH}/Podfile.lock\" \"${PODS_ROOT}/Manifest.lock\" > /dev/null\nif [ $? != 0 ] ; then\n    # print error to STDERR\n    echo \"error: The sandbox is not in sync with the Podfile.lock. Run 'pod install' or update your CocoaPods installation.\" >&2\n    exit 1\nfi\n# This output is used by Xcode 'outputs' to avoid re-running this script phase.\necho \"SUCCESS\" > \"${SCRIPT_OUTPUT_FILE_0}\"\n";
			showEnvVarsInLog = 0;
		};
		996BFACB277D34C2EA40F2D2 /* [CP] Embed Pods Frameworks */ = {
			isa = PBXShellScriptBuildPhase;
			buildActionMask = 2147483647;
			files = (
			);
			inputFileListPaths = (
				"${PODS_ROOT}/Target Support Files/Pods-NewsLink/Pods-NewsLink-frameworks-${CONFIGURATION}-input-files.xcfilelist",
			);
			name = "[CP] Embed Pods Frameworks";
			outputFileListPaths = (
				"${PODS_ROOT}/Target Support Files/Pods-NewsLink/Pods-NewsLink-frameworks-${CONFIGURATION}-output-files.xcfilelist",
			);
			runOnlyForDeploymentPostprocessing = 0;
			shellPath = /bin/sh;
			shellScript = "\"${PODS_ROOT}/Target Support Files/Pods-NewsLink/Pods-NewsLink-frameworks.sh\"\n";
			showEnvVarsInLog = 0;
		};
/* End PBXShellScriptBuildPhase section */

/* Begin PBXSourcesBuildPhase section */
		4AE3C15522D35D7500282F29 /* Sources */ = {
			isa = PBXSourcesBuildPhase;
			buildActionMask = 2147483647;
			files = (
				4AE3C15F22D35D7500282F29 /* ViewController.swift in Sources */,
				4AE3C15D22D35D7500282F29 /* AppDelegate.swift in Sources */,
			);
			runOnlyForDeploymentPostprocessing = 0;
		};
/* End PBXSourcesBuildPhase section */

/* Begin PBXVariantGroup section */
		4AE3C16022D35D7500282F29 /* Main.storyboard */ = {
			isa = PBXVariantGroup;
			children = (
				4AE3C16122D35D7500282F29 /* Base */,
			);
			name = Main.storyboard;
			sourceTree = "<group>";
		};
		4AE3C16522D35D7600282F29 /* LaunchScreen.storyboard */ = {
			isa = PBXVariantGroup;
			children = (
				4AE3C16622D35D7600282F29 /* Base */,
			);
			name = LaunchScreen.storyboard;
			sourceTree = "<group>";
		};
/* End PBXVariantGroup section */

/* Begin XCBuildConfiguration section */
		4AE3C16922D35D7600282F29 /* Debug */ = {
			isa = XCBuildConfiguration;
			buildSettings = {
				ALWAYS_SEARCH_USER_PATHS = NO;
				CLANG_ANALYZER_NONNULL = YES;
				CLANG_ANALYZER_NUMBER_OBJECT_CONVERSION = YES_AGGRESSIVE;
				CLANG_CXX_LANGUAGE_STANDARD = "gnu++14";
				CLANG_CXX_LIBRARY = "libc++";
				CLANG_ENABLE_MODULES = YES;
				CLANG_ENABLE_OBJC_ARC = YES;
				CLANG_ENABLE_OBJC_WEAK = YES;
				CLANG_WARN_BLOCK_CAPTURE_AUTORELEASING = YES;
				CLANG_WARN_BOOL_CONVERSION = YES;
				CLANG_WARN_COMMA = YES;
				CLANG_WARN_CONSTANT_CONVERSION = YES;
				CLANG_WARN_DEPRECATED_OBJC_IMPLEMENTATIONS = YES;
				CLANG_WARN_DIRECT_OBJC_ISA_USAGE = YES_ERROR;
				CLANG_WARN_DOCUMENTATION_COMMENTS = YES;
				CLANG_WARN_EMPTY_BODY = YES;
				CLANG_WARN_ENUM_CONVERSION = YES;
				CLANG_WARN_INFINITE_RECURSION = YES;
				CLANG_WARN_INT_CONVERSION = YES;
				CLANG_WARN_NON_LITERAL_NULL_CONVERSION = YES;
				CLANG_WARN_OBJC_IMPLICIT_RETAIN_SELF = YES;
				CLANG_WARN_OBJC_LITERAL_CONVERSION = YES;
				CLANG_WARN_OBJC_ROOT_CLASS = YES_ERROR;
				CLANG_WARN_RANGE_LOOP_ANALYSIS = YES;
				CLANG_WARN_STRICT_PROTOTYPES = YES;
				CLANG_WARN_SUSPICIOUS_MOVE = YES;
				CLANG_WARN_UNGUARDED_AVAILABILITY = YES_AGGRESSIVE;
				CLANG_WARN_UNREACHABLE_CODE = YES;
				CLANG_WARN__DUPLICATE_METHOD_MATCH = YES;
				CODE_SIGN_IDENTITY = "iPhone Developer";
				COPY_PHASE_STRIP = NO;
				DEBUG_INFORMATION_FORMAT = dwarf;
				ENABLE_STRICT_OBJC_MSGSEND = YES;
				ENABLE_TESTABILITY = YES;
				GCC_C_LANGUAGE_STANDARD = gnu11;
				GCC_DYNAMIC_NO_PIC = NO;
				GCC_NO_COMMON_BLOCKS = YES;
				GCC_OPTIMIZATION_LEVEL = 0;
				GCC_PREPROCESSOR_DEFINITIONS = (
					"DEBUG=1",
					"$(inherited)",
				);
				GCC_WARN_64_TO_32_BIT_CONVERSION = YES;
				GCC_WARN_ABOUT_RETURN_TYPE = YES_ERROR;
				GCC_WARN_UNDECLARED_SELECTOR = YES;
				GCC_WARN_UNINITIALIZED_AUTOS = YES_AGGRESSIVE;
				GCC_WARN_UNUSED_FUNCTION = YES;
				GCC_WARN_UNUSED_VARIABLE = YES;
				IPHONEOS_DEPLOYMENT_TARGET = 12.2;
				MTL_ENABLE_DEBUG_INFO = INCLUDE_SOURCE;
				MTL_FAST_MATH = YES;
				ONLY_ACTIVE_ARCH = YES;
				SDKROOT = iphoneos;
				SWIFT_ACTIVE_COMPILATION_CONDITIONS = DEBUG;
				SWIFT_OPTIMIZATION_LEVEL = "-Onone";
			};
			name = Debug;
		};
		4AE3C16A22D35D7600282F29 /* Release */ = {
			isa = XCBuildConfiguration;
			buildSettings = {
				ALWAYS_SEARCH_USER_PATHS = NO;
				CLANG_ANALYZER_NONNULL = YES;
				CLANG_ANALYZER_NUMBER_OBJECT_CONVERSION = YES_AGGRESSIVE;
				CLANG_CXX_LANGUAGE_STANDARD = "gnu++14";
				CLANG_CXX_LIBRARY = "libc++";
				CLANG_ENABLE_MODULES = YES;
				CLANG_ENABLE_OBJC_ARC = YES;
				CLANG_ENABLE_OBJC_WEAK = YES;
				CLANG_WARN_BLOCK_CAPTURE_AUTORELEASING = YES;
				CLANG_WARN_BOOL_CONVERSION = YES;
				CLANG_WARN_COMMA = YES;
				CLANG_WARN_CONSTANT_CONVERSION = YES;
				CLANG_WARN_DEPRECATED_OBJC_IMPLEMENTATIONS = YES;
				CLANG_WARN_DIRECT_OBJC_ISA_USAGE = YES_ERROR;
				CLANG_WARN_DOCUMENTATION_COMMENTS = YES;
				CLANG_WARN_EMPTY_BODY = YES;
				CLANG_WARN_ENUM_CONVERSION = YES;
				CLANG_WARN_INFINITE_RECURSION = YES;
				CLANG_WARN_INT_CONVERSION = YES;
				CLANG_WARN_NON_LITERAL_NULL_CONVERSION = YES;
				CLANG_WARN_OBJC_IMPLICIT_RETAIN_SELF = YES;
				CLANG_WARN_OBJC_LITERAL_CONVERSION = YES;
				CLANG_WARN_OBJC_ROOT_CLASS = YES_ERROR;
				CLANG_WARN_RANGE_LOOP_ANALYSIS = YES;
				CLANG_WARN_STRICT_PROTOTYPES = YES;
				CLANG_WARN_SUSPICIOUS_MOVE = YES;
				CLANG_WARN_UNGUARDED_AVAILABILITY = YES_AGGRESSIVE;
				CLANG_WARN_UNREACHABLE_CODE = YES;
				CLANG_WARN__DUPLICATE_METHOD_MATCH = YES;
				CODE_SIGN_IDENTITY = "iPhone Developer";
				COPY_PHASE_STRIP = NO;
				DEBUG_INFORMATION_FORMAT = "dwarf-with-dsym";
				ENABLE_NS_ASSERTIONS = NO;
				ENABLE_STRICT_OBJC_MSGSEND = YES;
				GCC_C_LANGUAGE_STANDARD = gnu11;
				GCC_NO_COMMON_BLOCKS = YES;
				GCC_WARN_64_TO_32_BIT_CONVERSION = YES;
				GCC_WARN_ABOUT_RETURN_TYPE = YES_ERROR;
				GCC_WARN_UNDECLARED_SELECTOR = YES;
				GCC_WARN_UNINITIALIZED_AUTOS = YES_AGGRESSIVE;
				GCC_WARN_UNUSED_FUNCTION = YES;
				GCC_WARN_UNUSED_VARIABLE = YES;
				IPHONEOS_DEPLOYMENT_TARGET = 12.2;
				MTL_ENABLE_DEBUG_INFO = NO;
				MTL_FAST_MATH = YES;
				SDKROOT = iphoneos;
				SWIFT_COMPILATION_MODE = wholemodule;
				SWIFT_OPTIMIZATION_LEVEL = "-O";
				VALIDATE_PRODUCT = YES;
			};
			name = Release;
		};
		4AE3C16C22D35D7600282F29 /* Debug */ = {
			isa = XCBuildConfiguration;
			baseConfigurationReference = 477BDAFE7F1D7B21081CD33B /* Pods-NewsLink.debug.xcconfig */;
			buildSettings = {
				ASSETCATALOG_COMPILER_APPICON_NAME = AppIcon;
				CODE_SIGN_STYLE = Automatic;
				DEVELOPMENT_TEAM = 3R4SFQQY84;
				INFOPLIST_FILE = NewsLink/Info.plist;
				LD_RUNPATH_SEARCH_PATHS = (
					"$(inherited)",
					"@executable_path/Frameworks",
				);
				PRODUCT_BUNDLE_IDENTIFIER = com.tintash.NewsLink;
				PRODUCT_NAME = "$(TARGET_NAME)";
				SWIFT_VERSION = 5.0;
				TARGETED_DEVICE_FAMILY = "1,2";
			};
			name = Debug;
		};
		4AE3C16D22D35D7600282F29 /* Release */ = {
			isa = XCBuildConfiguration;
			baseConfigurationReference = 6C34F3BC873823C5915EA04F /* Pods-NewsLink.release.xcconfig */;
			buildSettings = {
				ASSETCATALOG_COMPILER_APPICON_NAME = AppIcon;
				CODE_SIGN_STYLE = Automatic;
				DEVELOPMENT_TEAM = 3R4SFQQY84;
				INFOPLIST_FILE = NewsLink/Info.plist;
				LD_RUNPATH_SEARCH_PATHS = (
					"$(inherited)",
					"@executable_path/Frameworks",
				);
				PRODUCT_BUNDLE_IDENTIFIER = com.tintash.NewsLink;
				PRODUCT_NAME = "$(TARGET_NAME)";
				SWIFT_VERSION = 5.0;
				TARGETED_DEVICE_FAMILY = "1,2";
			};
			name = Release;
		};
/* End XCBuildConfiguration section */

/* Begin XCConfigurationList section */
		4AE3C15422D35D7500282F29 /* Build configuration list for PBXProject "NewsLink" */ = {
			isa = XCConfigurationList;
			buildConfigurations = (
				4AE3C16922D35D7600282F29 /* Debug */,
				4AE3C16A22D35D7600282F29 /* Release */,
			);
			defaultConfigurationIsVisible = 0;
			defaultConfigurationName = Release;
		};
		4AE3C16B22D35D7600282F29 /* Build configuration list for PBXNativeTarget "NewsLink" */ = {
			isa = XCConfigurationList;
			buildConfigurations = (
				4AE3C16C22D35D7600282F29 /* Debug */,
				4AE3C16D22D35D7600282F29 /* Release */,
			);
			defaultConfigurationIsVisible = 0;
			defaultConfigurationName = Release;
		};
/* End XCConfigurationList section */
	};
	rootObject = 4AE3C15122D35D7500282F29 /* Project object */;
}
