// !$*UTF8*$!
{
	archiveVersion = 1;
	classes = {
	};
	objectVersion = 50;
	objects = {

/* Begin PBXBuildFile section */
		4AFF285F22BB99D2000F94E0 /* AppDelegate.swift in Sources */ = {isa = PBXBuildFile; fileRef = 4AFF285E22BB99D2000F94E0 /* AppDelegate.swift */; };
		4AFF286122BB99D2000F94E0 /* ViewController.swift in Sources */ = {isa = PBXBuildFile; fileRef = 4AFF286022BB99D2000F94E0 /* ViewController.swift */; };
		4AFF286422BB99D2000F94E0 /* Main.storyboard in Resources */ = {isa = PBXBuildFile; fileRef = 4AFF286222BB99D2000F94E0 /* Main.storyboard */; };
		4AFF286622BB99D3000F94E0 /* Assets.xcassets in Resources */ = {isa = PBXBuildFile; fileRef = 4AFF286522BB99D3000F94E0 /* Assets.xcassets */; };
		4AFF286922BB99D3000F94E0 /* LaunchScreen.storyboard in Resources */ = {isa = PBXBuildFile; fileRef = 4AFF286722BB99D3000F94E0 /* LaunchScreen.storyboard */; };
		4AFF287422BB99D3000F94E0 /* SeguesTests.swift in Sources */ = {isa = PBXBuildFile; fileRef = 4AFF287322BB99D3000F94E0 /* SeguesTests.swift */; };
		4AFF287F22BB99D3000F94E0 /* SeguesUITests.swift in Sources */ = {isa = PBXBuildFile; fileRef = 4AFF287E22BB99D3000F94E0 /* SeguesUITests.swift */; };
/* End PBXBuildFile section */

/* Begin PBXContainerItemProxy section */
		4AFF287022BB99D3000F94E0 /* PBXContainerItemProxy */ = {
			isa = PBXContainerItemProxy;
			containerPortal = 4AFF285322BB99D2000F94E0 /* Project object */;
			proxyType = 1;
			remoteGlobalIDString = 4AFF285A22BB99D2000F94E0;
			remoteInfo = Segues;
		};
		4AFF287B22BB99D3000F94E0 /* PBXContainerItemProxy */ = {
			isa = PBXContainerItemProxy;
			containerPortal = 4AFF285322BB99D2000F94E0 /* Project object */;
			proxyType = 1;
			remoteGlobalIDString = 4AFF285A22BB99D2000F94E0;
			remoteInfo = Segues;
		};
/* End PBXContainerItemProxy section */

/* Begin PBXFileReference section */
		4AFF285B22BB99D2000F94E0 /* Segues.app */ = {isa = PBXFileReference; explicitFileType = wrapper.application; includeInIndex = 0; path = Segues.app; sourceTree = BUILT_PRODUCTS_DIR; };
		4AFF285E22BB99D2000F94E0 /* AppDelegate.swift */ = {isa = PBXFileReference; lastKnownFileType = sourcecode.swift; path = AppDelegate.swift; sourceTree = "<group>"; };
		4AFF286022BB99D2000F94E0 /* ViewController.swift */ = {isa = PBXFileReference; lastKnownFileType = sourcecode.swift; path = ViewController.swift; sourceTree = "<group>"; };
		4AFF286322BB99D2000F94E0 /* Base */ = {isa = PBXFileReference; lastKnownFileType = file.storyboard; name = Base; path = Base.lproj/Main.storyboard; sourceTree = "<group>"; };
		4AFF286522BB99D3000F94E0 /* Assets.xcassets */ = {isa = PBXFileReference; lastKnownFileType = folder.assetcatalog; path = Assets.xcassets; sourceTree = "<group>"; };
		4AFF286822BB99D3000F94E0 /* Base */ = {isa = PBXFileReference; lastKnownFileType = file.storyboard; name = Base; path = Base.lproj/LaunchScreen.storyboard; sourceTree = "<group>"; };
		4AFF286A22BB99D3000F94E0 /* Info.plist */ = {isa = PBXFileReference; lastKnownFileType = text.plist.xml; path = Info.plist; sourceTree = "<group>"; };
		4AFF286F22BB99D3000F94E0 /* SeguesTests.xctest */ = {isa = PBXFileReference; explicitFileType = wrapper.cfbundle; includeInIndex = 0; path = SeguesTests.xctest; sourceTree = BUILT_PRODUCTS_DIR; };
		4AFF287322BB99D3000F94E0 /* SeguesTests.swift */ = {isa = PBXFileReference; lastKnownFileType = sourcecode.swift; path = SeguesTests.swift; sourceTree = "<group>"; };
		4AFF287522BB99D3000F94E0 /* Info.plist */ = {isa = PBXFileReference; lastKnownFileType = text.plist.xml; path = Info.plist; sourceTree = "<group>"; };
		4AFF287A22BB99D3000F94E0 /* SeguesUITests.xctest */ = {isa = PBXFileReference; explicitFileType = wrapper.cfbundle; includeInIndex = 0; path = SeguesUITests.xctest; sourceTree = BUILT_PRODUCTS_DIR; };
		4AFF287E22BB99D3000F94E0 /* SeguesUITests.swift */ = {isa = PBXFileReference; lastKnownFileType = sourcecode.swift; path = SeguesUITests.swift; sourceTree = "<group>"; };
		4AFF288022BB99D3000F94E0 /* Info.plist */ = {isa = PBXFileReference; lastKnownFileType = text.plist.xml; path = Info.plist; sourceTree = "<group>"; };
/* End PBXFileReference section */

/* Begin PBXFrameworksBuildPhase section */
		4AFF285822BB99D2000F94E0 /* Frameworks */ = {
			isa = PBXFrameworksBuildPhase;
			buildActionMask = 2147483647;
			files = (
			);
			runOnlyForDeploymentPostprocessing = 0;
		};
		4AFF286C22BB99D3000F94E0 /* Frameworks */ = {
			isa = PBXFrameworksBuildPhase;
			buildActionMask = 2147483647;
			files = (
			);
			runOnlyForDeploymentPostprocessing = 0;
		};
		4AFF287722BB99D3000F94E0 /* Frameworks */ = {
			isa = PBXFrameworksBuildPhase;
			buildActionMask = 2147483647;
			files = (
			);
			runOnlyForDeploymentPostprocessing = 0;
		};
/* End PBXFrameworksBuildPhase section */

/* Begin PBXGroup section */
		4AFF285222BB99D2000F94E0 = {
			isa = PBXGroup;
			children = (
				4AFF285D22BB99D2000F94E0 /* Segues */,
				4AFF287222BB99D3000F94E0 /* SeguesTests */,
				4AFF287D22BB99D3000F94E0 /* SeguesUITests */,
				4AFF285C22BB99D2000F94E0 /* Products */,
			);
			sourceTree = "<group>";
		};
		4AFF285C22BB99D2000F94E0 /* Products */ = {
			isa = PBXGroup;
			children = (
				4AFF285B22BB99D2000F94E0 /* Segues.app */,
				4AFF286F22BB99D3000F94E0 /* SeguesTests.xctest */,
				4AFF287A22BB99D3000F94E0 /* SeguesUITests.xctest */,
			);
			name = Products;
			sourceTree = "<group>";
		};
		4AFF285D22BB99D2000F94E0 /* Segues */ = {
			isa = PBXGroup;
			children = (
				4AFF285E22BB99D2000F94E0 /* AppDelegate.swift */,
				4AFF286022BB99D2000F94E0 /* ViewController.swift */,
				4AFF286222BB99D2000F94E0 /* Main.storyboard */,
				4AFF286522BB99D3000F94E0 /* Assets.xcassets */,
				4AFF286722BB99D3000F94E0 /* LaunchScreen.storyboard */,
				4AFF286A22BB99D3000F94E0 /* Info.plist */,
			);
			path = Segues;
			sourceTree = "<group>";
		};
		4AFF287222BB99D3000F94E0 /* SeguesTests */ = {
			isa = PBXGroup;
			children = (
				4AFF287322BB99D3000F94E0 /* SeguesTests.swift */,
				4AFF287522BB99D3000F94E0 /* Info.plist */,
			);
			path = SeguesTests;
			sourceTree = "<group>";
		};
		4AFF287D22BB99D3000F94E0 /* SeguesUITests */ = {
			isa = PBXGroup;
			children = (
				4AFF287E22BB99D3000F94E0 /* SeguesUITests.swift */,
				4AFF288022BB99D3000F94E0 /* Info.plist */,
			);
			path = SeguesUITests;
			sourceTree = "<group>";
		};
/* End PBXGroup section */

/* Begin PBXNativeTarget section */
		4AFF285A22BB99D2000F94E0 /* Segues */ = {
			isa = PBXNativeTarget;
			buildConfigurationList = 4AFF288322BB99D3000F94E0 /* Build configuration list for PBXNativeTarget "Segues" */;
			buildPhases = (
				4AFF285722BB99D2000F94E0 /* Sources */,
				4AFF285822BB99D2000F94E0 /* Frameworks */,
				4AFF285922BB99D2000F94E0 /* Resources */,
			);
			buildRules = (
			);
			dependencies = (
			);
			name = Segues;
			productName = Segues;
			productReference = 4AFF285B22BB99D2000F94E0 /* Segues.app */;
			productType = "com.apple.product-type.application";
		};
		4AFF286E22BB99D3000F94E0 /* SeguesTests */ = {
			isa = PBXNativeTarget;
			buildConfigurationList = 4AFF288622BB99D3000F94E0 /* Build configuration list for PBXNativeTarget "SeguesTests" */;
			buildPhases = (
				4AFF286B22BB99D3000F94E0 /* Sources */,
				4AFF286C22BB99D3000F94E0 /* Frameworks */,
				4AFF286D22BB99D3000F94E0 /* Resources */,
			);
			buildRules = (
			);
			dependencies = (
				4AFF287122BB99D3000F94E0 /* PBXTargetDependency */,
			);
			name = SeguesTests;
			productName = SeguesTests;
			productReference = 4AFF286F22BB99D3000F94E0 /* SeguesTests.xctest */;
			productType = "com.apple.product-type.bundle.unit-test";
		};
		4AFF287922BB99D3000F94E0 /* SeguesUITests */ = {
			isa = PBXNativeTarget;
			buildConfigurationList = 4AFF288922BB99D3000F94E0 /* Build configuration list for PBXNativeTarget "SeguesUITests" */;
			buildPhases = (
				4AFF287622BB99D3000F94E0 /* Sources */,
				4AFF287722BB99D3000F94E0 /* Frameworks */,
				4AFF287822BB99D3000F94E0 /* Resources */,
			);
			buildRules = (
			);
			dependencies = (
				4AFF287C22BB99D3000F94E0 /* PBXTargetDependency */,
			);
			name = SeguesUITests;
			productName = SeguesUITests;
			productReference = 4AFF287A22BB99D3000F94E0 /* SeguesUITests.xctest */;
			productType = "com.apple.product-type.bundle.ui-testing";
		};
/* End PBXNativeTarget section */

/* Begin PBXProject section */
		4AFF285322BB99D2000F94E0 /* Project object */ = {
			isa = PBXProject;
			attributes = {
				LastSwiftUpdateCheck = 1020;
				LastUpgradeCheck = 1020;
				ORGANIZATIONNAME = Tintash;
				TargetAttributes = {
					4AFF285A22BB99D2000F94E0 = {
						CreatedOnToolsVersion = 10.2;
					};
					4AFF286E22BB99D3000F94E0 = {
						CreatedOnToolsVersion = 10.2;
						TestTargetID = 4AFF285A22BB99D2000F94E0;
					};
					4AFF287922BB99D3000F94E0 = {
						CreatedOnToolsVersion = 10.2;
						TestTargetID = 4AFF285A22BB99D2000F94E0;
					};
				};
			};
			buildConfigurationList = 4AFF285622BB99D2000F94E0 /* Build configuration list for PBXProject "Segues" */;
			compatibilityVersion = "Xcode 9.3";
			developmentRegion = en;
			hasScannedForEncodings = 0;
			knownRegions = (
				en,
				Base,
			);
			mainGroup = 4AFF285222BB99D2000F94E0;
			productRefGroup = 4AFF285C22BB99D2000F94E0 /* Products */;
			projectDirPath = "";
			projectRoot = "";
			targets = (
				4AFF285A22BB99D2000F94E0 /* Segues */,
				4AFF286E22BB99D3000F94E0 /* SeguesTests */,
				4AFF287922BB99D3000F94E0 /* SeguesUITests */,
			);
		};
/* End PBXProject section */

/* Begin PBXResourcesBuildPhase section */
		4AFF285922BB99D2000F94E0 /* Resources */ = {
			isa = PBXResourcesBuildPhase;
			buildActionMask = 2147483647;
			files = (
				4AFF286922BB99D3000F94E0 /* LaunchScreen.storyboard in Resources */,
				4AFF286622BB99D3000F94E0 /* Assets.xcassets in Resources */,
				4AFF286422BB99D2000F94E0 /* Main.storyboard in Resources */,
			);
			runOnlyForDeploymentPostprocessing = 0;
		};
		4AFF286D22BB99D3000F94E0 /* Resources */ = {
			isa = PBXResourcesBuildPhase;
			buildActionMask = 2147483647;
			files = (
			);
			runOnlyForDeploymentPostprocessing = 0;
		};
		4AFF287822BB99D3000F94E0 /* Resources */ = {
			isa = PBXResourcesBuildPhase;
			buildActionMask = 2147483647;
			files = (
			);
			runOnlyForDeploymentPostprocessing = 0;
		};
/* End PBXResourcesBuildPhase section */

/* Begin PBXSourcesBuildPhase section */
		4AFF285722BB99D2000F94E0 /* Sources */ = {
			isa = PBXSourcesBuildPhase;
			buildActionMask = 2147483647;
			files = (
				4AFF286122BB99D2000F94E0 /* ViewController.swift in Sources */,
				4AFF285F22BB99D2000F94E0 /* AppDelegate.swift in Sources */,
			);
			runOnlyForDeploymentPostprocessing = 0;
		};
		4AFF286B22BB99D3000F94E0 /* Sources */ = {
			isa = PBXSourcesBuildPhase;
			buildActionMask = 2147483647;
			files = (
				4AFF287422BB99D3000F94E0 /* SeguesTests.swift in Sources */,
			);
			runOnlyForDeploymentPostprocessing = 0;
		};
		4AFF287622BB99D3000F94E0 /* Sources */ = {
			isa = PBXSourcesBuildPhase;
			buildActionMask = 2147483647;
			files = (
				4AFF287F22BB99D3000F94E0 /* SeguesUITests.swift in Sources */,
			);
			runOnlyForDeploymentPostprocessing = 0;
		};
/* End PBXSourcesBuildPhase section */

/* Begin PBXTargetDependency section */
		4AFF287122BB99D3000F94E0 /* PBXTargetDependency */ = {
			isa = PBXTargetDependency;
			target = 4AFF285A22BB99D2000F94E0 /* Segues */;
			targetProxy = 4AFF287022BB99D3000F94E0 /* PBXContainerItemProxy */;
		};
		4AFF287C22BB99D3000F94E0 /* PBXTargetDependency */ = {
			isa = PBXTargetDependency;
			target = 4AFF285A22BB99D2000F94E0 /* Segues */;
			targetProxy = 4AFF287B22BB99D3000F94E0 /* PBXContainerItemProxy */;
		};
/* End PBXTargetDependency section */

/* Begin PBXVariantGroup section */
		4AFF286222BB99D2000F94E0 /* Main.storyboard */ = {
			isa = PBXVariantGroup;
			children = (
				4AFF286322BB99D2000F94E0 /* Base */,
			);
			name = Main.storyboard;
			sourceTree = "<group>";
		};
		4AFF286722BB99D3000F94E0 /* LaunchScreen.storyboard */ = {
			isa = PBXVariantGroup;
			children = (
				4AFF286822BB99D3000F94E0 /* Base */,
			);
			name = LaunchScreen.storyboard;
			sourceTree = "<group>";
		};
/* End PBXVariantGroup section */

/* Begin XCBuildConfiguration section */
		4AFF288122BB99D3000F94E0 /* Debug */ = {
			isa = XCBuildConfiguration;
			buildSettings = {
				ALWAYS_SEARCH_USER_PATHS = NO;
				CLANG_ANALYZER_NONNULL = YES;
				CLANG_ANALYZER_NUMBER_OBJECT_CONVERSION = YES_AGGRESSIVE;
				CLANG_CXX_LANGUAGE_STANDARD = "gnu++14";
				CLANG_CXX_LIBRARY = "libc++";
				CLANG_ENABLE_MODULES = YES;
				CLANG_ENABLE_OBJC_ARC = YES;
				CLANG_ENABLE_OBJC_WEAK = YES;
				CLANG_WARN_BLOCK_CAPTURE_AUTORELEASING = YES;
				CLANG_WARN_BOOL_CONVERSION = YES;
				CLANG_WARN_COMMA = YES;
				CLANG_WARN_CONSTANT_CONVERSION = YES;
				CLANG_WARN_DEPRECATED_OBJC_IMPLEMENTATIONS = YES;
				CLANG_WARN_DIRECT_OBJC_ISA_USAGE = YES_ERROR;
				CLANG_WARN_DOCUMENTATION_COMMENTS = YES;
				CLANG_WARN_EMPTY_BODY = YES;
				CLANG_WARN_ENUM_CONVERSION = YES;
				CLANG_WARN_INFINITE_RECURSION = YES;
				CLANG_WARN_INT_CONVERSION = YES;
				CLANG_WARN_NON_LITERAL_NULL_CONVERSION = YES;
				CLANG_WARN_OBJC_IMPLICIT_RETAIN_SELF = YES;
				CLANG_WARN_OBJC_LITERAL_CONVERSION = YES;
				CLANG_WARN_OBJC_ROOT_CLASS = YES_ERROR;
				CLANG_WARN_RANGE_LOOP_ANALYSIS = YES;
				CLANG_WARN_STRICT_PROTOTYPES = YES;
				CLANG_WARN_SUSPICIOUS_MOVE = YES;
				CLANG_WARN_UNGUARDED_AVAILABILITY = YES_AGGRESSIVE;
				CLANG_WARN_UNREACHABLE_CODE = YES;
				CLANG_WARN__DUPLICATE_METHOD_MATCH = YES;
				CODE_SIGN_IDENTITY = "iPhone Developer";
				COPY_PHASE_STRIP = NO;
				DEBUG_INFORMATION_FORMAT = dwarf;
				ENABLE_STRICT_OBJC_MSGSEND = YES;
				ENABLE_TESTABILITY = YES;
				GCC_C_LANGUAGE_STANDARD = gnu11;
				GCC_DYNAMIC_NO_PIC = NO;
				GCC_NO_COMMON_BLOCKS = YES;
				GCC_OPTIMIZATION_LEVEL = 0;
				GCC_PREPROCESSOR_DEFINITIONS = (
					"DEBUG=1",
					"$(inherited)",
				);
				GCC_WARN_64_TO_32_BIT_CONVERSION = YES;
				GCC_WARN_ABOUT_RETURN_TYPE = YES_ERROR;
				GCC_WARN_UNDECLARED_SELECTOR = YES;
				GCC_WARN_UNINITIALIZED_AUTOS = YES_AGGRESSIVE;
				GCC_WARN_UNUSED_FUNCTION = YES;
				GCC_WARN_UNUSED_VARIABLE = YES;
				IPHONEOS_DEPLOYMENT_TARGET = 12.2;
				MTL_ENABLE_DEBUG_INFO = INCLUDE_SOURCE;
				MTL_FAST_MATH = YES;
				ONLY_ACTIVE_ARCH = YES;
				SDKROOT = iphoneos;
				SWIFT_ACTIVE_COMPILATION_CONDITIONS = DEBUG;
				SWIFT_OPTIMIZATION_LEVEL = "-Onone";
			};
			name = Debug;
		};
		4AFF288222BB99D3000F94E0 /* Release */ = {
			isa = XCBuildConfiguration;
			buildSettings = {
				ALWAYS_SEARCH_USER_PATHS = NO;
				CLANG_ANALYZER_NONNULL = YES;
				CLANG_ANALYZER_NUMBER_OBJECT_CONVERSION = YES_AGGRESSIVE;
				CLANG_CXX_LANGUAGE_STANDARD = "gnu++14";
				CLANG_CXX_LIBRARY = "libc++";
				CLANG_ENABLE_MODULES = YES;
				CLANG_ENABLE_OBJC_ARC = YES;
				CLANG_ENABLE_OBJC_WEAK = YES;
				CLANG_WARN_BLOCK_CAPTURE_AUTORELEASING = YES;
				CLANG_WARN_BOOL_CONVERSION = YES;
				CLANG_WARN_COMMA = YES;
				CLANG_WARN_CONSTANT_CONVERSION = YES;
				CLANG_WARN_DEPRECATED_OBJC_IMPLEMENTATIONS = YES;
				CLANG_WARN_DIRECT_OBJC_ISA_USAGE = YES_ERROR;
				CLANG_WARN_DOCUMENTATION_COMMENTS = YES;
				CLANG_WARN_EMPTY_BODY = YES;
				CLANG_WARN_ENUM_CONVERSION = YES;
				CLANG_WARN_INFINITE_RECURSION = YES;
				CLANG_WARN_INT_CONVERSION = YES;
				CLANG_WARN_NON_LITERAL_NULL_CONVERSION = YES;
				CLANG_WARN_OBJC_IMPLICIT_RETAIN_SELF = YES;
				CLANG_WARN_OBJC_LITERAL_CONVERSION = YES;
				CLANG_WARN_OBJC_ROOT_CLASS = YES_ERROR;
				CLANG_WARN_RANGE_LOOP_ANALYSIS = YES;
				CLANG_WARN_STRICT_PROTOTYPES = YES;
				CLANG_WARN_SUSPICIOUS_MOVE = YES;
				CLANG_WARN_UNGUARDED_AVAILABILITY = YES_AGGRESSIVE;
				CLANG_WARN_UNREACHABLE_CODE = YES;
				CLANG_WARN__DUPLICATE_METHOD_MATCH = YES;
				CODE_SIGN_IDENTITY = "iPhone Developer";
				COPY_PHASE_STRIP = NO;
				DEBUG_INFORMATION_FORMAT = "dwarf-with-dsym";
				ENABLE_NS_ASSERTIONS = NO;
				ENABLE_STRICT_OBJC_MSGSEND = YES;
				GCC_C_LANGUAGE_STANDARD = gnu11;
				GCC_NO_COMMON_BLOCKS = YES;
				GCC_WARN_64_TO_32_BIT_CONVERSION = YES;
				GCC_WARN_ABOUT_RETURN_TYPE = YES_ERROR;
				GCC_WARN_UNDECLARED_SELECTOR = YES;
				GCC_WARN_UNINITIALIZED_AUTOS = YES_AGGRESSIVE;
				GCC_WARN_UNUSED_FUNCTION = YES;
				GCC_WARN_UNUSED_VARIABLE = YES;
				IPHONEOS_DEPLOYMENT_TARGET = 12.2;
				MTL_ENABLE_DEBUG_INFO = NO;
				MTL_FAST_MATH = YES;
				SDKROOT = iphoneos;
				SWIFT_COMPILATION_MODE = wholemodule;
				SWIFT_OPTIMIZATION_LEVEL = "-O";
				VALIDATE_PRODUCT = YES;
			};
			name = Release;
		};
		4AFF288422BB99D3000F94E0 /* Debug */ = {
			isa = XCBuildConfiguration;
			buildSettings = {
				ASSETCATALOG_COMPILER_APPICON_NAME = AppIcon;
				CODE_SIGN_STYLE = Automatic;
				DEVELOPMENT_TEAM = 3R4SFQQY84;
				INFOPLIST_FILE = Segues/Info.plist;
				LD_RUNPATH_SEARCH_PATHS = (
					"$(inherited)",
					"@executable_path/Frameworks",
				);
				PRODUCT_BUNDLE_IDENTIFIER = com.tintash.Segues;
				PRODUCT_NAME = "$(TARGET_NAME)";
				SWIFT_VERSION = 5.0;
				TARGETED_DEVICE_FAMILY = "1,2";
			};
			name = Debug;
		};
		4AFF288522BB99D3000F94E0 /* Release */ = {
			isa = XCBuildConfiguration;
			buildSettings = {
				ASSETCATALOG_COMPILER_APPICON_NAME = AppIcon;
				CODE_SIGN_STYLE = Automatic;
				DEVELOPMENT_TEAM = 3R4SFQQY84;
				INFOPLIST_FILE = Segues/Info.plist;
				LD_RUNPATH_SEARCH_PATHS = (
					"$(inherited)",
					"@executable_path/Frameworks",
				);
				PRODUCT_BUNDLE_IDENTIFIER = com.tintash.Segues;
				PRODUCT_NAME = "$(TARGET_NAME)";
				SWIFT_VERSION = 5.0;
				TARGETED_DEVICE_FAMILY = "1,2";
			};
			name = Release;
		};
		4AFF288722BB99D3000F94E0 /* Debug */ = {
			isa = XCBuildConfiguration;
			buildSettings = {
				ALWAYS_EMBED_SWIFT_STANDARD_LIBRARIES = YES;
				BUNDLE_LOADER = "$(TEST_HOST)";
				CODE_SIGN_STYLE = Automatic;
				DEVELOPMENT_TEAM = 3R4SFQQY84;
				INFOPLIST_FILE = SeguesTests/Info.plist;
				LD_RUNPATH_SEARCH_PATHS = (
					"$(inherited)",
					"@executable_path/Frameworks",
					"@loader_path/Frameworks",
				);
				PRODUCT_BUNDLE_IDENTIFIER = com.tintash.SeguesTests;
				PRODUCT_NAME = "$(TARGET_NAME)";
				SWIFT_VERSION = 5.0;
				TARGETED_DEVICE_FAMILY = "1,2";
				TEST_HOST = "$(BUILT_PRODUCTS_DIR)/Segues.app/Segues";
			};
			name = Debug;
		};
		4AFF288822BB99D3000F94E0 /* Release */ = {
			isa = XCBuildConfiguration;
			buildSettings = {
				ALWAYS_EMBED_SWIFT_STANDARD_LIBRARIES = YES;
				BUNDLE_LOADER = "$(TEST_HOST)";
				CODE_SIGN_STYLE = Automatic;
				DEVELOPMENT_TEAM = 3R4SFQQY84;
				INFOPLIST_FILE = SeguesTests/Info.plist;
				LD_RUNPATH_SEARCH_PATHS = (
					"$(inherited)",
					"@executable_path/Frameworks",
					"@loader_path/Frameworks",
				);
				PRODUCT_BUNDLE_IDENTIFIER = com.tintash.SeguesTests;
				PRODUCT_NAME = "$(TARGET_NAME)";
				SWIFT_VERSION = 5.0;
				TARGETED_DEVICE_FAMILY = "1,2";
				TEST_HOST = "$(BUILT_PRODUCTS_DIR)/Segues.app/Segues";
			};
			name = Release;
		};
		4AFF288A22BB99D3000F94E0 /* Debug */ = {
			isa = XCBuildConfiguration;
			buildSettings = {
				ALWAYS_EMBED_SWIFT_STANDARD_LIBRARIES = YES;
				CODE_SIGN_STYLE = Automatic;
				DEVELOPMENT_TEAM = 3R4SFQQY84;
				INFOPLIST_FILE = SeguesUITests/Info.plist;
				LD_RUNPATH_SEARCH_PATHS = (
					"$(inherited)",
					"@executable_path/Frameworks",
					"@loader_path/Frameworks",
				);
				PRODUCT_BUNDLE_IDENTIFIER = com.tintash.SeguesUITests;
				PRODUCT_NAME = "$(TARGET_NAME)";
				SWIFT_VERSION = 5.0;
				TARGETED_DEVICE_FAMILY = "1,2";
				TEST_TARGET_NAME = Segues;
			};
			name = Debug;
		};
		4AFF288B22BB99D3000F94E0 /* Release */ = {
			isa = XCBuildConfiguration;
			buildSettings = {
				ALWAYS_EMBED_SWIFT_STANDARD_LIBRARIES = YES;
				CODE_SIGN_STYLE = Automatic;
				DEVELOPMENT_TEAM = 3R4SFQQY84;
				INFOPLIST_FILE = SeguesUITests/Info.plist;
				LD_RUNPATH_SEARCH_PATHS = (
					"$(inherited)",
					"@executable_path/Frameworks",
					"@loader_path/Frameworks",
				);
				PRODUCT_BUNDLE_IDENTIFIER = com.tintash.SeguesUITests;
				PRODUCT_NAME = "$(TARGET_NAME)";
				SWIFT_VERSION = 5.0;
				TARGETED_DEVICE_FAMILY = "1,2";
				TEST_TARGET_NAME = Segues;
			};
			name = Release;
		};
/* End XCBuildConfiguration section */

/* Begin XCConfigurationList section */
		4AFF285622BB99D2000F94E0 /* Build configuration list for PBXProject "Segues" */ = {
			isa = XCConfigurationList;
			buildConfigurations = (
				4AFF288122BB99D3000F94E0 /* Debug */,
				4AFF288222BB99D3000F94E0 /* Release */,
			);
			defaultConfigurationIsVisible = 0;
			defaultConfigurationName = Release;
		};
		4AFF288322BB99D3000F94E0 /* Build configuration list for PBXNativeTarget "Segues" */ = {
			isa = XCConfigurationList;
			buildConfigurations = (
				4AFF288422BB99D3000F94E0 /* Debug */,
				4AFF288522BB99D3000F94E0 /* Release */,
			);
			defaultConfigurationIsVisible = 0;
			defaultConfigurationName = Release;
		};
		4AFF288622BB99D3000F94E0 /* Build configuration list for PBXNativeTarget "SeguesTests" */ = {
			isa = XCConfigurationList;
			buildConfigurations = (
				4AFF288722BB99D3000F94E0 /* Debug */,
				4AFF288822BB99D3000F94E0 /* Release */,
			);
			defaultConfigurationIsVisible = 0;
			defaultConfigurationName = Release;
		};
		4AFF288922BB99D3000F94E0 /* Build configuration list for PBXNativeTarget "SeguesUITests" */ = {
			isa = XCConfigurationList;
			buildConfigurations = (
				4AFF288A22BB99D3000F94E0 /* Debug */,
				4AFF288B22BB99D3000F94E0 /* Release */,
			);
			defaultConfigurationIsVisible = 0;
			defaultConfigurationName = Release;
		};
/* End XCConfigurationList section */
	};
	rootObject = 4AFF285322BB99D2000F94E0 /* Project object */;
}
